
Microsoft Visual Studio Solution File, Format Version 12.00
# Visual Studio Version 17
VisualStudioVersion = 17.4.33205.214
MinimumVisualStudioVersion = 10.0.40219.1
Project("{FAE04EC0-301F-11D3-BF4B-00C04F79EFBC}") = "RsoApplicationApi", "RsoApplicationApi\RsoApplicationApi.csproj", "{B3AE6228-5B95-47FA-B5D1-7E7A0B7072D9}"
EndProject
Project("{FAE04EC0-301F-11D3-BF4B-00C04F79EFBC}") = "DataTransferObjects", "DataTransferObjects\DataTransferObjects.csproj", "{7F909D64-4696-4B8D-B540-6C0254C9217B}"
EndProject
Project("{FAE04EC0-301F-11D3-BF4B-00C04F79EFBC}") = "Repository", "Repository\Repository.csproj", "{F30C21D0-87F8-4B5A-A650-AC38CA5CC555}"
EndProject
Project("{FAE04EC0-301F-11D3-BF4B-00C04F79EFBC}") = "Services", "Services\Services.csproj", "{62C226B4-560E-406C-99D5-19050F8BD1DE}"
EndProject
Project("{FAE04EC0-301F-11D3-BF4B-00C04F79EFBC}") = "Interfaces", "Interfaces\Interfaces.csproj", "{18D27A6B-3D00-48B6-A64C-BEF4EB729AEA}"
EndProject
Project("{FAE04EC0-301F-11D3-BF4B-00C04F79EFBC}") = "Presentation", "Presentation\Presentation.csproj", "{5D461B3D-2B97-4B9E-9C92-1F406389F65F}"
EndProject
Project("{FAE04EC0-301F-11D3-BF4B-00C04F79EFBC}") = "Entities", "Entities\Entities.csproj", "{988752ED-8D18-40A7-B35A-BEB9649E48D2}"
EndProject
Project("{FAE04EC0-301F-11D3-BF4B-00C04F79EFBC}") = "LoggerService", "LoggerService\LoggerService.csproj", "{A1490D8B-CA78-40B2-90A3-C12FEC969987}"
EndProject
Global
	GlobalSection(SolutionConfigurationPlatforms) = preSolution
		Debug|Any CPU = Debug|Any CPU
		Release|Any CPU = Release|Any CPU
	EndGlobalSection
	GlobalSection(ProjectConfigurationPlatforms) = postSolution
		{B3AE6228-5B95-47FA-B5D1-7E7A0B7072D9}.Debug|Any CPU.ActiveCfg = Debug|Any CPU
		{B3AE6228-5B95-47FA-B5D1-7E7A0B7072D9}.Debug|Any CPU.Build.0 = Debug|Any CPU
		{B3AE6228-5B95-47FA-B5D1-7E7A0B7072D9}.Release|Any CPU.ActiveCfg = Release|Any CPU
		{B3AE6228-5B95-47FA-B5D1-7E7A0B7072D9}.Release|Any CPU.Build.0 = Release|Any CPU
		{7F909D64-4696-4B8D-B540-6C0254C9217B}.Debug|Any CPU.ActiveCfg = Debug|Any CPU
		{7F909D64-4696-4B8D-B540-6C0254C9217B}.Debug|Any CPU.Build.0 = Debug|Any CPU
		{7F909D64-4696-4B8D-B540-6C0254C9217B}.Release|Any CPU.ActiveCfg = Release|Any CPU
		{7F909D64-4696-4B8D-B540-6C0254C9217B}.Release|Any CPU.Build.0 = Release|Any CPU
		{F30C21D0-87F8-4B5A-A650-AC38CA5CC555}.Debug|Any CPU.ActiveCfg = Debug|Any CPU
		{F30C21D0-87F8-4B5A-A650-AC38CA5CC555}.Debug|Any CPU.Build.0 = Debug|Any CPU
		{F30C21D0-87F8-4B5A-A650-AC38CA5CC555}.Release|Any CPU.ActiveCfg = Release|Any CPU
		{F30C21D0-87F8-4B5A-A650-AC38CA5CC555}.Release|Any CPU.Build.0 = Release|Any CPU
		{62C226B4-560E-406C-99D5-19050F8BD1DE}.Debug|Any CPU.ActiveCfg = Debug|Any CPU
		{62C226B4-560E-406C-99D5-19050F8BD1DE}.Debug|Any CPU.Build.0 = Debug|Any CPU
		{62C226B4-560E-406C-99D5-19050F8BD1DE}.Release|Any CPU.ActiveCfg = Release|Any CPU
		{62C226B4-560E-406C-99D5-19050F8BD1DE}.Release|Any CPU.Build.0 = Release|Any CPU
		{18D27A6B-3D00-48B6-A64C-BEF4EB729AEA}.Debug|Any CPU.ActiveCfg = Debug|Any CPU
		{18D27A6B-3D00-48B6-A64C-BEF4EB729AEA}.Debug|Any CPU.Build.0 = Debug|Any CPU
		{18D27A6B-3D00-48B6-A64C-BEF4EB729AEA}.Release|Any CPU.ActiveCfg = Release|Any CPU
		{18D27A6B-3D00-48B6-A64C-BEF4EB729AEA}.Release|Any CPU.Build.0 = Release|Any CPU
		{5D461B3D-2B97-4B9E-9C92-1F406389F65F}.Debug|Any CPU.ActiveCfg = Debug|Any CPU
		{5D461B3D-2B97-4B9E-9C92-1F406389F65F}.Debug|Any CPU.Build.0 = Debug|Any CPU
		{5D461B3D-2B97-4B9E-9C92-1F406389F65F}.Release|Any CPU.ActiveCfg = Release|Any CPU
		{5D461B3D-2B97-4B9E-9C92-1F406389F65F}.Release|Any CPU.Build.0 = Release|Any CPU
		{988752ED-8D18-40A7-B35A-BEB9649E48D2}.Debug|Any CPU.ActiveCfg = Debug|Any CPU
		{988752ED-8D18-40A7-B35A-BEB9649E48D2}.Debug|Any CPU.Build.0 = Debug|Any CPU
		{988752ED-8D18-40A7-B35A-BEB9649E48D2}.Release|Any CPU.ActiveCfg = Release|Any CPU
		{988752ED-8D18-40A7-B35A-BEB9649E48D2}.Release|Any CPU.Build.0 = Release|Any CPU
		{A1490D8B-CA78-40B2-90A3-C12FEC969987}.Debug|Any CPU.ActiveCfg = Debug|Any CPU
		{A1490D8B-CA78-40B2-90A3-C12FEC969987}.Debug|Any CPU.Build.0 = Debug|Any CPU
		{A1490D8B-CA78-40B2-90A3-C12FEC969987}.Release|Any CPU.ActiveCfg = Release|Any CPU
		{A1490D8B-CA78-40B2-90A3-C12FEC969987}.Release|Any CPU.Build.0 = Release|Any CPU
	EndGlobalSection
	GlobalSection(SolutionProperties) = preSolution
		HideSolutionNode = FALSE
	EndGlobalSection
	GlobalSection(ExtensibilityGlobals) = postSolution
		SolutionGuid = {0BC232ED-4952-49BC-92C0-F9E6FAABDF81}
	EndGlobalSection
EndGlobal
